
Microsoft Visual Studio Solution File, Format Version 10.00
# Visual C# Express 2008
Project("{FAE04EC0-301F-11D3-BF4B-00C04F79EFBC}") = "XNACube", "XNACube\XNACube.csproj", "{D6612A91-5851-470D-9F57-82F2428232EC}"
EndProject
Global
	GlobalSection(SolutionConfigurationPlatforms) = preSolution
		Debug|x86 = Debug|x86
		Release|x86 = Release|x86
	EndGlobalSection
	GlobalSection(ProjectConfigurationPlatforms) = postSolution
		{D6612A91-5851-470D-9F57-82F2428232EC}.Debug|x86.ActiveCfg = Debug|x86
		{D6612A91-5851-470D-9F57-82F2428232EC}.Debug|x86.Build.0 = Debug|x86
		{D6612A91-5851-470D-9F57-82F2428232EC}.Release|x86.ActiveCfg = Release|x86
		{D6612A91-5851-470D-9F57-82F2428232EC}.Release|x86.Build.0 = Release|x86
		{5729CB6F-6F07-4640-B6A2-64A9DCFA98E0}.Debug|x86.ActiveCfg = Debug|x86
		{5729CB6F-6F07-4640-B6A2-64A9DCFA98E0}.Release|x86.ActiveCfg = Release|x86
	EndGlobalSection
	GlobalSection(SolutionProperties) = preSolution
		HideSolutionNode = FALSE
	EndGlobalSection
EndGlobal
